
Microsoft Visual Studio Solution File, Format Version 12.00
# Visual Studio Version 16
VisualStudioVersion = 16.0.31129.286
MinimumVisualStudioVersion = 10.0.40219.1
Project("{FAE04EC0-301F-11D3-BF4B-00C04F79EFBC}") = "Contato", "Contato.csproj", "{D18B6647-B845-419C-BA73-4B50B758C4C7}"
EndProject
Project("{FAE04EC0-301F-11D3-BF4B-00C04F79EFBC}") = "Contato.ConsoleApp", "..\Contato.ConsoleApp\Contato.ConsoleApp.csproj", "{1586722D-9859-477D-A230-C7F44B578097}"
EndProject
Global
	GlobalSection(SolutionConfigurationPlatforms) = preSolution
		Debug|Any CPU = Debug|Any CPU
		Release|Any CPU = Release|Any CPU
	EndGlobalSection
	GlobalSection(ProjectConfigurationPlatforms) = postSolution
		{D18B6647-B845-419C-BA73-4B50B758C4C7}.Debug|Any CPU.ActiveCfg = Debug|Any CPU
		{D18B6647-B845-419C-BA73-4B50B758C4C7}.Debug|Any CPU.Build.0 = Debug|Any CPU
		{D18B6647-B845-419C-BA73-4B50B758C4C7}.Release|Any CPU.ActiveCfg = Release|Any CPU
		{D18B6647-B845-419C-BA73-4B50B758C4C7}.Release|Any CPU.Build.0 = Release|Any CPU
		{1586722D-9859-477D-A230-C7F44B578097}.Debug|Any CPU.ActiveCfg = Debug|Any CPU
		{1586722D-9859-477D-A230-C7F44B578097}.Debug|Any CPU.Build.0 = Debug|Any CPU
		{1586722D-9859-477D-A230-C7F44B578097}.Release|Any CPU.ActiveCfg = Release|Any CPU
		{1586722D-9859-477D-A230-C7F44B578097}.Release|Any CPU.Build.0 = Release|Any CPU
	EndGlobalSection
	GlobalSection(SolutionProperties) = preSolution
		HideSolutionNode = FALSE
	EndGlobalSection
	GlobalSection(ExtensibilityGlobals) = postSolution
		SolutionGuid = {0F8E5C60-19EE-4040-A467-9CC58CE4DCC3}
	EndGlobalSection
EndGlobal
